{
    "_readme": [
        "This file locks the dependencies of your project to a known state",
        "Read more about it at https://getcomposer.org/doc/01-basic-usage.md#composer-lock-the-lock-file",
        "This file is @generated automatically"
    ],
    "hash": "9ab5ff20dc5da60925a52584201ff3c1",
    "content-hash": "cc66cf4076f725182c406b4343a59d52",
    "packages": [
        {
            "name": "gcworld/interfaces",
            "version": "2.0.6",
            "source": {
                "type": "git",
                "url": "https://gitlab.konghack.com/GCWorld/Interfaces.git",
                "reference": "4ae7124a15367e945dc9020374db9aaa975db4c2"
            },
            "dist": {
                "type": "zip",
                "url": "http://toran.konghack.com/repo/private/dists/gcworld/interfaces/2.0.6.0/4ae7124a15367e945dc9020374db9aaa975db4c2.zip",
                "reference": "4ae7124a15367e945dc9020374db9aaa975db4c2",
                "shasum": null,
                "mirrors": [
                    {
                        "url": "http://toran.konghack.com/repo/private/dists/%package%/%version%/%reference%.%type%",
                        "preferred": true
                    }
                ]
            },
            "require": {
                "php": ">=5.4.0"
            },
            "type": "library",
            "autoload": {
                "psr-4": {
                    "GCWorld\\Interfaces\\": "src/"
                }
            },
            "license": [
                "proprietary"
            ],
            "authors": [
                {
                    "name": "GameCharmer",
                    "email": "admin@gamecharmer.com"
                }
            ],
            "description": "GCWorld Industries Interfaces",
            "time": "2015-08-10 15:04:19"
        },
        {
            "name": "gcworld/utilities",
            "version": "1.2.2",
            "source": {
                "type": "git",
                "url": "https://gitlab.konghack.com/GCWorld/Utilities.git",
                "reference": "745f5b673c7ab8f3ceabda697a3c5fdd1e3aeb2b"
            },
            "require": {
                "php": ">=5.4.0"
            },
            "type": "library",
            "autoload": {
                "psr-4": {
                    "GCWorld\\Utilities\\": "src/"
                }
            },
            "notification-url": "https://packagist.org/downloads/",
            "license": [
                "proprietary"
            ],
            "authors": [
                {
                    "name": "GameCharmer",
                    "email": "admin@gamecharmer.com"
                }
            ],
            "description": "GCWorld Industries standard Utilities pack",
            "time": "2016-04-13 18:36:11"
        },
        {
            "name": "phpdocumentor/reflection-docblock",
            "version": "2.0.4",
            "source": {
                "type": "git",
                "url": "https://github.com/phpDocumentor/ReflectionDocBlock.git",
                "reference": "d68dbdc53dc358a816f00b300704702b2eaff7b8"
            },
            "dist": {
                "type": "zip",
                "url": "https://api.github.com/repos/phpDocumentor/ReflectionDocBlock/zipball/d68dbdc53dc358a816f00b300704702b2eaff7b8",
                "reference": "d68dbdc53dc358a816f00b300704702b2eaff7b8",
                "shasum": "",
                "mirrors": [
                    {
                        "url": "http://toran.konghack.com/repo/packagist/dists/%package%/%version%/%reference%.%type%",
                        "preferred": true
                    }
                ]
            },
            "require": {
                "php": ">=5.3.3"
            },
            "require-dev": {
                "phpunit/phpunit": "~4.0"
            },
            "suggest": {
                "dflydev/markdown": "~1.0",
                "erusev/parsedown": "~1.0"
            },
            "type": "library",
            "extra": {
                "branch-alias": {
                    "dev-master": "2.0.x-dev"
                }
            },
            "autoload": {
                "psr-0": {
                    "phpDocumentor": [
                        "src/"
                    ]
                }
            },
            "notification-url": "https://packagist.org/downloads/",
            "license": [
                "MIT"
            ],
            "authors": [
                {
                    "name": "Mike van Riel",
                    "email": "mike.vanriel@naenius.com"
                }
            ],
            "time": "2015-02-03 12:10:50"
        }
    ],
    "packages-dev": [
        {
            "name": "gcworld/database",
            "version": "1.3.1",
            "source": {
                "type": "git",
                "url": "https://gitlab.konghack.com/GCWorld/Database.git",
                "reference": "70b54f1addc54d2f81925afb4729df3bd42cafd8"
            },
            "require": {
                "gcworld/interfaces": ">=1.2",
                "php": ">=5.4.0"
            },
            "type": "library",
            "autoload": {
                "psr-4": {
                    "GCWorld\\Database\\": "src/"
                }
            },
            "notification-url": "https://packagist.org/downloads/",
            "license": [
                "GPL-3.0"
            ],
            "authors": [
                {
                    "name": "GameCharmer",
                    "email": "admin@gamecharmer.com"
                }
            ],
            "description": "GCWorld Industries Database",
            "time": "2016-05-04 20:12:13"
        }
    ],
    "aliases": [],
    "minimum-stability": "stable",
    "stability-flags": [],
    "prefer-stable": false,
    "prefer-lowest": false,
    "platform": {
        "php": ">=5.6.0"
    },
    "platform-dev": []
}
